
Microsoft Visual Studio Solution File, Format Version 12.00
# Visual Studio Version 17
VisualStudioVersion = 17.5.33516.290
MinimumVisualStudioVersion = 10.0.40219.1
Project("{8BC9CEB8-8B4A-11D0-8D11-00A0C91BC942}") = "MinOfArray", "MinOfArray\MinOfArray.vcxproj", "{9FB4901A-AA6E-4CD9-A2AB-155863DCCDA8}"
EndProject
Global
	GlobalSection(SolutionConfigurationPlatforms) = preSolution
		Debug|x64 = Debug|x64
		Debug|x86 = Debug|x86
		Release|x64 = Release|x64
		Release|x86 = Release|x86
	EndGlobalSection
	GlobalSection(ProjectConfigurationPlatforms) = postSolution
		{9FB4901A-AA6E-4CD9-A2AB-155863DCCDA8}.Debug|x64.ActiveCfg = Debug|x64
		{9FB4901A-AA6E-4CD9-A2AB-155863DCCDA8}.Debug|x64.Build.0 = Debug|x64
		{9FB4901A-AA6E-4CD9-A2AB-155863DCCDA8}.Debug|x86.ActiveCfg = Debug|Win32
		{9FB4901A-AA6E-4CD9-A2AB-155863DCCDA8}.Debug|x86.Build.0 = Debug|Win32
		{9FB4901A-AA6E-4CD9-A2AB-155863DCCDA8}.Release|x64.ActiveCfg = Release|x64
		{9FB4901A-AA6E-4CD9-A2AB-155863DCCDA8}.Release|x64.Build.0 = Release|x64
		{9FB4901A-AA6E-4CD9-A2AB-155863DCCDA8}.Release|x86.ActiveCfg = Release|Win32
		{9FB4901A-AA6E-4CD9-A2AB-155863DCCDA8}.Release|x86.Build.0 = Release|Win32
	EndGlobalSection
	GlobalSection(SolutionProperties) = preSolution
		HideSolutionNode = FALSE
	EndGlobalSection
	GlobalSection(ExtensibilityGlobals) = postSolution
		SolutionGuid = {9D12E04C-BD74-4202-ABAF-E643E6C01735}
	EndGlobalSection
EndGlobal
