
Microsoft Visual Studio Solution File, Format Version 12.00
# Visual Studio Version 17
VisualStudioVersion = 17.5.33516.290
MinimumVisualStudioVersion = 10.0.40219.1
Project("{8BC9CEB8-8B4A-11D0-8D11-00A0C91BC942}") = "SumOfN_GaussMethod", "SumOfN_GaussMethod\SumOfN_GaussMethod.vcxproj", "{BFFC83A8-8A67-4212-A9C5-A81D3E9B97D2}"
EndProject
Global
	GlobalSection(SolutionConfigurationPlatforms) = preSolution
		Debug|x64 = Debug|x64
		Debug|x86 = Debug|x86
		Release|x64 = Release|x64
		Release|x86 = Release|x86
	EndGlobalSection
	GlobalSection(ProjectConfigurationPlatforms) = postSolution
		{BFFC83A8-8A67-4212-A9C5-A81D3E9B97D2}.Debug|x64.ActiveCfg = Debug|x64
		{BFFC83A8-8A67-4212-A9C5-A81D3E9B97D2}.Debug|x64.Build.0 = Debug|x64
		{BFFC83A8-8A67-4212-A9C5-A81D3E9B97D2}.Debug|x86.ActiveCfg = Debug|Win32
		{BFFC83A8-8A67-4212-A9C5-A81D3E9B97D2}.Debug|x86.Build.0 = Debug|Win32
		{BFFC83A8-8A67-4212-A9C5-A81D3E9B97D2}.Release|x64.ActiveCfg = Release|x64
		{BFFC83A8-8A67-4212-A9C5-A81D3E9B97D2}.Release|x64.Build.0 = Release|x64
		{BFFC83A8-8A67-4212-A9C5-A81D3E9B97D2}.Release|x86.ActiveCfg = Release|Win32
		{BFFC83A8-8A67-4212-A9C5-A81D3E9B97D2}.Release|x86.Build.0 = Release|Win32
	EndGlobalSection
	GlobalSection(SolutionProperties) = preSolution
		HideSolutionNode = FALSE
	EndGlobalSection
	GlobalSection(ExtensibilityGlobals) = postSolution
		SolutionGuid = {14E4A465-EBA1-4C55-A1EC-2CE5C62A3E6E}
	EndGlobalSection
EndGlobal
