
Microsoft Visual Studio Solution File, Format Version 12.00
# Visual Studio Version 17
VisualStudioVersion = 17.5.33516.290
MinimumVisualStudioVersion = 10.0.40219.1
Project("{8BC9CEB8-8B4A-11D0-8D11-00A0C91BC942}") = "SwapPointer", "SwapPointer\SwapPointer.vcxproj", "{701E3DC3-5D1F-466A-BAE8-2533B9FA8559}"
EndProject
Global
	GlobalSection(SolutionConfigurationPlatforms) = preSolution
		Debug|x64 = Debug|x64
		Debug|x86 = Debug|x86
		Release|x64 = Release|x64
		Release|x86 = Release|x86
	EndGlobalSection
	GlobalSection(ProjectConfigurationPlatforms) = postSolution
		{701E3DC3-5D1F-466A-BAE8-2533B9FA8559}.Debug|x64.ActiveCfg = Debug|x64
		{701E3DC3-5D1F-466A-BAE8-2533B9FA8559}.Debug|x64.Build.0 = Debug|x64
		{701E3DC3-5D1F-466A-BAE8-2533B9FA8559}.Debug|x86.ActiveCfg = Debug|Win32
		{701E3DC3-5D1F-466A-BAE8-2533B9FA8559}.Debug|x86.Build.0 = Debug|Win32
		{701E3DC3-5D1F-466A-BAE8-2533B9FA8559}.Release|x64.ActiveCfg = Release|x64
		{701E3DC3-5D1F-466A-BAE8-2533B9FA8559}.Release|x64.Build.0 = Release|x64
		{701E3DC3-5D1F-466A-BAE8-2533B9FA8559}.Release|x86.ActiveCfg = Release|Win32
		{701E3DC3-5D1F-466A-BAE8-2533B9FA8559}.Release|x86.Build.0 = Release|Win32
	EndGlobalSection
	GlobalSection(SolutionProperties) = preSolution
		HideSolutionNode = FALSE
	EndGlobalSection
	GlobalSection(ExtensibilityGlobals) = postSolution
		SolutionGuid = {78F9DDD9-7FC2-4FA6-A012-7DBE430A1186}
	EndGlobalSection
EndGlobal
